{
  "name": "@baicie/md-desktop",
  "version": "0.1.0",
  "lockfileVersion": 3,
  "requires": true,
  "packages": {
    "": {
      "name": "@baicie/md-desktop",
      "version": "0.1.0",
      "dependencies": {
        "@tauri-apps/api": "^2.2.0",
        "@tauri-apps/plugin-opener": "^2.2.4"
      },
      "devDependencies": {
        "@tauri-apps/cli": "^2.2.4",
        "@types/selenium-webdriver": "^4.1.28",
        "selenium-webdriver": "^4.27.0",
        "typescript": "~5.7.3",
        "vite": "^6.0.7"
      }
    },
    "../../node_modules/.pnpm/@tauri-apps+api@2.2.0/node_modules/@tauri-apps/api": {
      "version": "2.2.0",
      "license": "Apache-2.0 OR MIT",
      "devDependencies": {
        "@eslint/js": "^9.4.0",
        "@rollup/plugin-terser": "0.4.4",
        "@rollup/plugin-typescript": "12.1.2",
        "@types/eslint": "^9.0.0",
        "@types/node": "^22.10.1",
        "eslint": "^9.4.0",
        "eslint-config-prettier": "9.1.0",
        "eslint-plugin-security": "3.0.1",
        "fast-glob": "3.3.2",
        "globals": "^15.4.0",
        "rollup": "4.29.1",
        "tslib": "^2.6.3",
        "typescript-eslint": "^8.1.0"
      },
      "funding": {
        "type": "opencollective",
        "url": "https://opencollective.com/tauri"
      }
    },
    "../../node_modules/.pnpm/@tauri-apps+cli@2.2.4/node_modules/@tauri-apps/cli": {
      "version": "2.2.4",
      "dev": true,
      "license": "Apache-2.0 OR MIT",
      "bin": {
        "tauri": "tauri.js"
      },
      "devDependencies": {
        "@napi-rs/cli": "2.18.4",
        "@types/node": "^22.10.1",
        "cross-env": "7.0.3",
        "vitest": "^2.1.8"
      },
      "engines": {
        "node": ">= 10"
      },
      "funding": {
        "type": "opencollective",
        "url": "https://opencollective.com/tauri"
      },
      "optionalDependencies": {
        "@tauri-apps/cli-darwin-arm64": "2.2.4",
        "@tauri-apps/cli-darwin-x64": "2.2.4",
        "@tauri-apps/cli-linux-arm-gnueabihf": "2.2.4",
        "@tauri-apps/cli-linux-arm64-gnu": "2.2.4",
        "@tauri-apps/cli-linux-arm64-musl": "2.2.4",
        "@tauri-apps/cli-linux-x64-gnu": "2.2.4",
        "@tauri-apps/cli-linux-x64-musl": "2.2.4",
        "@tauri-apps/cli-win32-arm64-msvc": "2.2.4",
        "@tauri-apps/cli-win32-ia32-msvc": "2.2.4",
        "@tauri-apps/cli-win32-x64-msvc": "2.2.4"
      }
    },
    "../../node_modules/.pnpm/@tauri-apps+plugin-opener@2.2.4/node_modules/@tauri-apps/plugin-opener": {
      "version": "2.2.4",
      "license": "MIT OR Apache-2.0",
      "dependencies": {
        "@tauri-apps/api": "^2.0.0"
      }
    },
    "../../node_modules/.pnpm/selenium-webdriver@4.27.0/node_modules/selenium-webdriver": {
      "version": "4.27.0",
      "dev": true,
      "funding": [
        {
          "type": "github",
          "url": "https://github.com/sponsors/SeleniumHQ"
        },
        {
          "type": "opencollective",
          "url": "https://opencollective.com/selenium"
        }
      ],
      "license": "Apache-2.0",
      "dependencies": {
        "@bazel/runfiles": "^6.3.1",
        "jszip": "^3.10.1",
        "tmp": "^0.2.3",
        "ws": "^8.18.0"
      },
      "devDependencies": {
        "@eslint/js": "^9.14.0",
        "clean-jsdoc-theme": "^4.3.0",
        "eslint": "^9.14.0",
        "eslint-config-prettier": "^9.1.0",
        "eslint-plugin-mocha": "^10.5.0",
        "eslint-plugin-n": "^17.13.1",
        "eslint-plugin-no-only-tests": "^3.3.0",
        "eslint-plugin-prettier": "^5.2.1",
        "express": "^4.21.1",
        "globals": "^15.12.0",
        "has-flag": "^5.0.1",
        "jsdoc": "^4.0.4",
        "mocha": "^10.8.2",
        "mocha-junit-reporter": "^2.2.1",
        "multer": "1.4.5-lts.1",
        "prettier": "^3.3.3",
        "serve-index": "^1.9.1",
        "sinon": "^19.0.2",
        "supports-color": "^9.4.0"
      },
      "engines": {
        "node": ">= 14.21.0"
      }
    },
    "../../node_modules/.pnpm/typescript@5.7.3/node_modules/typescript": {
      "version": "5.7.3",
      "dev": true,
      "license": "Apache-2.0",
      "bin": {
        "tsc": "bin/tsc",
        "tsserver": "bin/tsserver"
      },
      "devDependencies": {
        "@dprint/formatter": "^0.4.1",
        "@dprint/typescript": "0.93.0",
        "@esfx/canceltoken": "^1.0.0",
        "@eslint/js": "^9.11.1",
        "@octokit/rest": "^21.0.2",
        "@types/chai": "^4.3.20",
        "@types/diff": "^5.2.2",
        "@types/minimist": "^1.2.5",
        "@types/mocha": "^10.0.8",
        "@types/ms": "^0.7.34",
        "@types/node": "latest",
        "@types/source-map-support": "^0.5.10",
        "@types/which": "^3.0.4",
        "@typescript-eslint/rule-tester": "^8.8.0",
        "@typescript-eslint/type-utils": "^8.8.0",
        "@typescript-eslint/utils": "^8.8.0",
        "azure-devops-node-api": "^14.1.0",
        "c8": "^10.1.2",
        "chai": "^4.5.0",
        "chalk": "^4.1.2",
        "chokidar": "^3.6.0",
        "diff": "^5.2.0",
        "dprint": "^0.47.2",
        "esbuild": "^0.24.0",
        "eslint": "^9.11.1",
        "eslint-formatter-autolinkable-stylish": "^1.4.0",
        "eslint-plugin-regexp": "^2.6.0",
        "fast-xml-parser": "^4.5.0",
        "glob": "^10.4.5",
        "globals": "^15.9.0",
        "hereby": "^1.10.0",
        "jsonc-parser": "^3.3.1",
        "knip": "^5.30.6",
        "minimist": "^1.2.8",
        "mocha": "^10.7.3",
        "mocha-fivemat-progress-reporter": "^0.1.0",
        "monocart-coverage-reports": "^2.11.0",
        "ms": "^2.1.3",
        "playwright": "^1.47.2",
        "source-map-support": "^0.5.21",
        "tslib": "^2.7.0",
        "typescript": "^5.6.2",
        "typescript-eslint": "^8.8.0",
        "which": "^3.0.1"
      },
      "engines": {
        "node": ">=14.17"
      }
    },
    "../../node_modules/.pnpm/vite@6.0.7_@types+node@22.10.6_jiti@2.4.2_sass@1.83.3_terser@5.37.0_tsx@4.19.2_yaml@2.6.1/node_modules/vite": {
      "version": "6.0.7",
      "dev": true,
      "license": "MIT",
      "dependencies": {
        "esbuild": "^0.24.2",
        "postcss": "^8.4.49",
        "rollup": "^4.23.0"
      },
      "bin": {
        "vite": "bin/vite.js"
      },
      "devDependencies": {
        "@ampproject/remapping": "^2.3.0",
        "@babel/parser": "^7.26.3",
        "@jridgewell/trace-mapping": "^0.3.25",
        "@polka/compression": "^1.0.0-next.25",
        "@rollup/plugin-alias": "^5.1.1",
        "@rollup/plugin-commonjs": "^28.0.2",
        "@rollup/plugin-dynamic-import-vars": "2.1.4",
        "@rollup/plugin-json": "^6.1.0",
        "@rollup/plugin-node-resolve": "16.0.0",
        "@rollup/pluginutils": "^5.1.4",
        "@types/escape-html": "^1.0.4",
        "@types/pnpapi": "^0.0.5",
        "artichokie": "^0.3.1",
        "cac": "^6.7.14",
        "chokidar": "^3.6.0",
        "connect": "^3.7.0",
        "convert-source-map": "^2.0.0",
        "cors": "^2.8.5",
        "cross-spawn": "^7.0.6",
        "debug": "^4.4.0",
        "dep-types": "link:./src/types",
        "dotenv": "^16.4.7",
        "dotenv-expand": "^12.0.1",
        "es-module-lexer": "^1.5.4",
        "escape-html": "^1.0.3",
        "estree-walker": "^3.0.3",
        "etag": "^1.8.1",
        "http-proxy": "^1.18.1",
        "launch-editor-middleware": "^2.9.1",
        "lightningcss": "^1.28.2",
        "magic-string": "^0.30.17",
        "mlly": "^1.7.3",
        "mrmime": "^2.0.0",
        "nanoid": "^5.0.9",
        "open": "^10.1.0",
        "parse5": "^7.2.1",
        "pathe": "^1.1.2",
        "periscopic": "^4.0.2",
        "picocolors": "^1.1.1",
        "picomatch": "^4.0.2",
        "postcss-import": "^16.1.0",
        "postcss-load-config": "^6.0.1",
        "postcss-modules": "^6.0.1",
        "resolve.exports": "^2.0.3",
        "rollup-plugin-dts": "^6.1.1",
        "rollup-plugin-esbuild": "^6.1.1",
        "rollup-plugin-license": "^3.5.3",
        "sass": "^1.83.0",
        "sass-embedded": "^1.83.0",
        "sirv": "^3.0.0",
        "source-map-support": "^0.5.21",
        "strip-literal": "^2.1.1",
        "terser": "^5.37.0",
        "tinyglobby": "^0.2.10",
        "tsconfck": "^3.1.4",
        "tslib": "^2.8.1",
        "types": "link:./types",
        "ufo": "^1.5.4",
        "ws": "^8.18.0"
      },
      "engines": {
        "node": "^18.0.0 || ^20.0.0 || >=22.0.0"
      },
      "funding": {
        "url": "https://github.com/vitejs/vite?sponsor=1"
      },
      "optionalDependencies": {
        "fsevents": "~2.3.3"
      },
      "peerDependencies": {
        "@types/node": "^18.0.0 || ^20.0.0 || >=22.0.0",
        "jiti": ">=1.21.0",
        "less": "*",
        "lightningcss": "^1.21.0",
        "sass": "*",
        "sass-embedded": "*",
        "stylus": "*",
        "sugarss": "*",
        "terser": "^5.16.0",
        "tsx": "^4.8.1",
        "yaml": "^2.4.2"
      },
      "peerDependenciesMeta": {
        "@types/node": {
          "optional": true
        },
        "jiti": {
          "optional": true
        },
        "less": {
          "optional": true
        },
        "lightningcss": {
          "optional": true
        },
        "sass": {
          "optional": true
        },
        "sass-embedded": {
          "optional": true
        },
        "stylus": {
          "optional": true
        },
        "sugarss": {
          "optional": true
        },
        "terser": {
          "optional": true
        },
        "tsx": {
          "optional": true
        },
        "yaml": {
          "optional": true
        }
      }
    },
    "node_modules/@tauri-apps/api": {
      "resolved": "../../node_modules/.pnpm/@tauri-apps+api@2.2.0/node_modules/@tauri-apps/api",
      "link": true
    },
    "node_modules/@tauri-apps/cli": {
      "resolved": "../../node_modules/.pnpm/@tauri-apps+cli@2.2.4/node_modules/@tauri-apps/cli",
      "link": true
    },
    "node_modules/@tauri-apps/plugin-opener": {
      "resolved": "../../node_modules/.pnpm/@tauri-apps+plugin-opener@2.2.4/node_modules/@tauri-apps/plugin-opener",
      "link": true
    },
    "node_modules/@types/node": {
      "version": "22.10.7",
      "resolved": "https://registry.npmmirror.com/@types/node/-/node-22.10.7.tgz",
      "integrity": "sha512-V09KvXxFiutGp6B7XkpaDXlNadZxrzajcY50EuoLIpQ6WWYCSvf19lVIazzfIzQvhUN2HjX12spLojTnhuKlGg==",
      "dev": true,
      "license": "MIT",
      "dependencies": {
        "undici-types": "~6.20.0"
      }
    },
    "node_modules/@types/selenium-webdriver": {
      "version": "4.1.28",
      "resolved": "https://registry.npmmirror.com/@types/selenium-webdriver/-/selenium-webdriver-4.1.28.tgz",
      "integrity": "sha512-Au7CXegiS7oapbB16zxPToY4Cjzi9UQQMf3W2ZZM8PigMLTGR3iUAHjPUTddyE5g1SBjT/qpmvlsAQLBfNAdKg==",
      "dev": true,
      "license": "MIT",
      "dependencies": {
        "@types/node": "*",
        "@types/ws": "*"
      }
    },
    "node_modules/@types/ws": {
      "version": "8.5.13",
      "resolved": "https://registry.npmmirror.com/@types/ws/-/ws-8.5.13.tgz",
      "integrity": "sha512-osM/gWBTPKgHV8XkTunnegTRIsvF6owmf5w+JtAfOw472dptdm0dlGv4xCt6GwQRcC2XVOvvRE/0bAoQcL2QkA==",
      "dev": true,
      "license": "MIT",
      "dependencies": {
        "@types/node": "*"
      }
    },
    "node_modules/selenium-webdriver": {
      "resolved": "../../node_modules/.pnpm/selenium-webdriver@4.27.0/node_modules/selenium-webdriver",
      "link": true
    },
    "node_modules/typescript": {
      "resolved": "../../node_modules/.pnpm/typescript@5.7.3/node_modules/typescript",
      "link": true
    },
    "node_modules/undici-types": {
      "version": "6.20.0",
      "resolved": "https://registry.npmmirror.com/undici-types/-/undici-types-6.20.0.tgz",
      "integrity": "sha512-Ny6QZ2Nju20vw1SRHe3d9jVu6gJ+4e3+MMpqu7pqE5HT6WsTSlce++GQmK5UXS8mzV8DSYHrQH+Xrf2jVcuKNg==",
      "dev": true,
      "license": "MIT"
    },
    "node_modules/vite": {
      "resolved": "../../node_modules/.pnpm/vite@6.0.7_@types+node@22.10.6_jiti@2.4.2_sass@1.83.3_terser@5.37.0_tsx@4.19.2_yaml@2.6.1/node_modules/vite",
      "link": true
    }
  }
}
